// !$*UTF8*$!
{
	archiveVersion = 1;
	classes = {
	};
	objectVersion = 56;
	objects = {

/* Begin PBXBuildFile section */
		FB33A5A32AC3A8EF000CFD0B /* ModelData.swift in Sources */ = {isa = PBXBuildFile; fileRef = FB33A5A22AC3A8EF000CFD0B /* ModelData.swift */; };
		FB33A5A52AC3AA52000CFD0B /* RECIBOS.swift in Sources */ = {isa = PBXBuildFile; fileRef = FB33A5A42AC3AA52000CFD0B /* RECIBOS.swift */; };
		FB33A5A82AC3AEA7000CFD0B /* RECOLECTOR.swift in Sources */ = {isa = PBXBuildFile; fileRef = FB33A5A72AC3AEA7000CFD0B /* RECOLECTOR.swift */; };
		FBB0BFD02AC365D30010CF37 /* RayosXCordinadorApp.swift in Sources */ = {isa = PBXBuildFile; fileRef = FBB0BFCF2AC365D30010CF37 /* RayosXCordinadorApp.swift */; };
		FBB0BFD22AC365D30010CF37 /* ContentView.swift in Sources */ = {isa = PBXBuildFile; fileRef = FBB0BFD12AC365D30010CF37 /* ContentView.swift */; };
		FBB0BFD42AC365D40010CF37 /* Assets.xcassets in Resources */ = {isa = PBXBuildFile; fileRef = FBB0BFD32AC365D40010CF37 /* Assets.xcassets */; };
		FBB0BFD72AC365D40010CF37 /* Preview Assets.xcassets in Resources */ = {isa = PBXBuildFile; fileRef = FBB0BFD62AC365D40010CF37 /* Preview Assets.xcassets */; };
		FBB0BFDE2AC36F350010CF37 /* ListaDeRecolectores.swift in Sources */ = {isa = PBXBuildFile; fileRef = FBB0BFDD2AC36F350010CF37 /* ListaDeRecolectores.swift */; };
		FBB0BFE02AC36F8A0010CF37 /* BackgroundView.swift in Sources */ = {isa = PBXBuildFile; fileRef = FBB0BFDF2AC36F8A0010CF37 /* BackgroundView.swift */; };
		FBD63ADE2AC7662800C8EBC3 /* ComentariosRecibosView.swift in Sources */ = {isa = PBXBuildFile; fileRef = FBD63ADD2AC7662800C8EBC3 /* ComentariosRecibosView.swift */; };
		FBD63AE02AC7756100C8EBC3 /* DONANTES.swift in Sources */ = {isa = PBXBuildFile; fileRef = FBD63ADF2AC7756100C8EBC3 /* DONANTES.swift */; };
/* End PBXBuildFile section */

/* Begin PBXFileReference section */
		FB33A5A22AC3A8EF000CFD0B /* ModelData.swift */ = {isa = PBXFileReference; lastKnownFileType = sourcecode.swift; path = ModelData.swift; sourceTree = "<group>"; };
		FB33A5A42AC3AA52000CFD0B /* RECIBOS.swift */ = {isa = PBXFileReference; lastKnownFileType = sourcecode.swift; path = RECIBOS.swift; sourceTree = "<group>"; };
		FB33A5A72AC3AEA7000CFD0B /* RECOLECTOR.swift */ = {isa = PBXFileReference; lastKnownFileType = sourcecode.swift; path = RECOLECTOR.swift; sourceTree = "<group>"; };
		FBB0BFCC2AC365D30010CF37 /* RayosXCordinador.app */ = {isa = PBXFileReference; explicitFileType = wrapper.application; includeInIndex = 0; path = RayosXCordinador.app; sourceTree = BUILT_PRODUCTS_DIR; };
		FBB0BFCF2AC365D30010CF37 /* RayosXCordinadorApp.swift */ = {isa = PBXFileReference; lastKnownFileType = sourcecode.swift; path = RayosXCordinadorApp.swift; sourceTree = "<group>"; };
		FBB0BFD12AC365D30010CF37 /* ContentView.swift */ = {isa = PBXFileReference; lastKnownFileType = sourcecode.swift; path = ContentView.swift; sourceTree = "<group>"; };
		FBB0BFD32AC365D40010CF37 /* Assets.xcassets */ = {isa = PBXFileReference; lastKnownFileType = folder.assetcatalog; path = Assets.xcassets; sourceTree = "<group>"; };
		FBB0BFD62AC365D40010CF37 /* Preview Assets.xcassets */ = {isa = PBXFileReference; lastKnownFileType = folder.assetcatalog; path = "Preview Assets.xcassets"; sourceTree = "<group>"; };
		FBB0BFDD2AC36F350010CF37 /* ListaDeRecolectores.swift */ = {isa = PBXFileReference; lastKnownFileType = sourcecode.swift; path = ListaDeRecolectores.swift; sourceTree = "<group>"; };
		FBB0BFDF2AC36F8A0010CF37 /* BackgroundView.swift */ = {isa = PBXFileReference; lastKnownFileType = sourcecode.swift; path = BackgroundView.swift; sourceTree = "<group>"; };
		FBD63ADD2AC7662800C8EBC3 /* ComentariosRecibosView.swift */ = {isa = PBXFileReference; lastKnownFileType = sourcecode.swift; path = ComentariosRecibosView.swift; sourceTree = "<group>"; };
		FBD63ADF2AC7756100C8EBC3 /* DONANTES.swift */ = {isa = PBXFileReference; lastKnownFileType = sourcecode.swift; path = DONANTES.swift; sourceTree = "<group>"; };
/* End PBXFileReference section */

/* Begin PBXFrameworksBuildPhase section */
		FBB0BFC92AC365D30010CF37 /* Frameworks */ = {
			isa = PBXFrameworksBuildPhase;
			buildActionMask = 2147483647;
			files = (
			);
			runOnlyForDeploymentPostprocessing = 0;
		};
/* End PBXFrameworksBuildPhase section */

/* Begin PBXGroup section */
		FB33A5A62AC3AA60000CFD0B /* Structs */ = {
			isa = PBXGroup;
			children = (
				FB33A5A72AC3AEA7000CFD0B /* RECOLECTOR.swift */,
				FB33A5A42AC3AA52000CFD0B /* RECIBOS.swift */,
				FBD63ADF2AC7756100C8EBC3 /* DONANTES.swift */,
			);
			path = Structs;
			sourceTree = "<group>";
		};
		FBB0BFC32AC365D30010CF37 = {
			isa = PBXGroup;
			children = (
				FBB0BFCE2AC365D30010CF37 /* RayosXCordinador */,
				FBB0BFCD2AC365D30010CF37 /* Products */,
			);
			sourceTree = "<group>";
		};
		FBB0BFCD2AC365D30010CF37 /* Products */ = {
			isa = PBXGroup;
			children = (
				FBB0BFCC2AC365D30010CF37 /* RayosXCordinador.app */,
			);
			name = Products;
			sourceTree = "<group>";
		};
		FBB0BFCE2AC365D30010CF37 /* RayosXCordinador */ = {
			isa = PBXGroup;
			children = (
				FBB0BFCF2AC365D30010CF37 /* RayosXCordinadorApp.swift */,
				FBB0BFD12AC365D30010CF37 /* ContentView.swift */,
				FBB0BFDD2AC36F350010CF37 /* ListaDeRecolectores.swift */,
				FBD63ADD2AC7662800C8EBC3 /* ComentariosRecibosView.swift */,
				FB33A5A22AC3A8EF000CFD0B /* ModelData.swift */,
				FB33A5A62AC3AA60000CFD0B /* Structs */,
				FBB0BFDF2AC36F8A0010CF37 /* BackgroundView.swift */,
				FBB0BFD32AC365D40010CF37 /* Assets.xcassets */,
				FBB0BFD52AC365D40010CF37 /* Preview Content */,
			);
			path = RayosXCordinador;
			sourceTree = "<group>";
		};
		FBB0BFD52AC365D40010CF37 /* Preview Content */ = {
			isa = PBXGroup;
			children = (
				FBB0BFD62AC365D40010CF37 /* Preview Assets.xcassets */,
			);
			path = "Preview Content";
			sourceTree = "<group>";
		};
/* End PBXGroup section */

/* Begin PBXNativeTarget section */
		FBB0BFCB2AC365D30010CF37 /* RayosXCordinador */ = {
			isa = PBXNativeTarget;
			buildConfigurationList = FBB0BFDA2AC365D40010CF37 /* Build configuration list for PBXNativeTarget "RayosXCordinador" */;
			buildPhases = (
				FBB0BFC82AC365D30010CF37 /* Sources */,
				FBB0BFC92AC365D30010CF37 /* Frameworks */,
				FBB0BFCA2AC365D30010CF37 /* Resources */,
			);
			buildRules = (
			);
			dependencies = (
			);
			name = RayosXCordinador;
			productName = RayosXCordinador;
			productReference = FBB0BFCC2AC365D30010CF37 /* RayosXCordinador.app */;
			productType = "com.apple.product-type.application";
		};
/* End PBXNativeTarget section */

/* Begin PBXProject section */
		FBB0BFC42AC365D30010CF37 /* Project object */ = {
			isa = PBXProject;
			attributes = {
				BuildIndependentTargetsInParallel = 1;
				LastSwiftUpdateCheck = 1430;
				LastUpgradeCheck = 1430;
				TargetAttributes = {
					FBB0BFCB2AC365D30010CF37 = {
						CreatedOnToolsVersion = 14.3.1;
					};
				};
			};
			buildConfigurationList = FBB0BFC72AC365D30010CF37 /* Build configuration list for PBXProject "RayosXCordinador" */;
			compatibilityVersion = "Xcode 14.0";
			developmentRegion = en;
			hasScannedForEncodings = 0;
			knownRegions = (
				en,
				Base,
			);
			mainGroup = FBB0BFC32AC365D30010CF37;
			productRefGroup = FBB0BFCD2AC365D30010CF37 /* Products */;
			projectDirPath = "";
			projectRoot = "";
			targets = (
				FBB0BFCB2AC365D30010CF37 /* RayosXCordinador */,
			);
		};
/* End PBXProject section */

/* Begin PBXResourcesBuildPhase section */
		FBB0BFCA2AC365D30010CF37 /* Resources */ = {
			isa = PBXResourcesBuildPhase;
			buildActionMask = 2147483647;
			files = (
				FBB0BFD72AC365D40010CF37 /* Preview Assets.xcassets in Resources */,
				FBB0BFD42AC365D40010CF37 /* Assets.xcassets in Resources */,
			);
			runOnlyForDeploymentPostprocessing = 0;
		};
/* End PBXResourcesBuildPhase section */

/* Begin PBXSourcesBuildPhase section */
		FBB0BFC82AC365D30010CF37 /* Sources */ = {
			isa = PBXSourcesBuildPhase;
			buildActionMask = 2147483647;
			files = (
				FB33A5A82AC3AEA7000CFD0B /* RECOLECTOR.swift in Sources */,
				FBB0BFDE2AC36F350010CF37 /* ListaDeRecolectores.swift in Sources */,
				FBB0BFD22AC365D30010CF37 /* ContentView.swift in Sources */,
				FBB0BFE02AC36F8A0010CF37 /* BackgroundView.swift in Sources */,
				FBB0BFD02AC365D30010CF37 /* RayosXCordinadorApp.swift in Sources */,
				FBD63AE02AC7756100C8EBC3 /* DONANTES.swift in Sources */,
				FBD63ADE2AC7662800C8EBC3 /* ComentariosRecibosView.swift in Sources */,
				FB33A5A32AC3A8EF000CFD0B /* ModelData.swift in Sources */,
				FB33A5A52AC3AA52000CFD0B /* RECIBOS.swift in Sources */,
			);
			runOnlyForDeploymentPostprocessing = 0;
		};
/* End PBXSourcesBuildPhase section */

/* Begin XCBuildConfiguration section */
		FBB0BFD82AC365D40010CF37 /* Debug */ = {
			isa = XCBuildConfiguration;
			buildSettings = {
				ALWAYS_SEARCH_USER_PATHS = NO;
				CLANG_ANALYZER_NONNULL = YES;
				CLANG_ANALYZER_NUMBER_OBJECT_CONVERSION = YES_AGGRESSIVE;
				CLANG_CXX_LANGUAGE_STANDARD = "gnu++20";
				CLANG_ENABLE_MODULES = YES;
				CLANG_ENABLE_OBJC_ARC = YES;
				CLANG_ENABLE_OBJC_WEAK = YES;
				CLANG_WARN_BLOCK_CAPTURE_AUTORELEASING = YES;
				CLANG_WARN_BOOL_CONVERSION = YES;
				CLANG_WARN_COMMA = YES;
				CLANG_WARN_CONSTANT_CONVERSION = YES;
				CLANG_WARN_DEPRECATED_OBJC_IMPLEMENTATIONS = YES;
				CLANG_WARN_DIRECT_OBJC_ISA_USAGE = YES_ERROR;
				CLANG_WARN_DOCUMENTATION_COMMENTS = YES;
				CLANG_WARN_EMPTY_BODY = YES;
				CLANG_WARN_ENUM_CONVERSION = YES;
				CLANG_WARN_INFINITE_RECURSION = YES;
				CLANG_WARN_INT_CONVERSION = YES;
				CLANG_WARN_NON_LITERAL_NULL_CONVERSION = YES;
				CLANG_WARN_OBJC_IMPLICIT_RETAIN_SELF = YES;
				CLANG_WARN_OBJC_LITERAL_CONVERSION = YES;
				CLANG_WARN_OBJC_ROOT_CLASS = YES_ERROR;
				CLANG_WARN_QUOTED_INCLUDE_IN_FRAMEWORK_HEADER = YES;
				CLANG_WARN_RANGE_LOOP_ANALYSIS = YES;
				CLANG_WARN_STRICT_PROTOTYPES = YES;
				CLANG_WARN_SUSPICIOUS_MOVE = YES;
				CLANG_WARN_UNGUARDED_AVAILABILITY = YES_AGGRESSIVE;
				CLANG_WARN_UNREACHABLE_CODE = YES;
				CLANG_WARN__DUPLICATE_METHOD_MATCH = YES;
				COPY_PHASE_STRIP = NO;
				DEBUG_INFORMATION_FORMAT = dwarf;
				ENABLE_STRICT_OBJC_MSGSEND = YES;
				ENABLE_TESTABILITY = YES;
				GCC_C_LANGUAGE_STANDARD = gnu11;
				GCC_DYNAMIC_NO_PIC = NO;
				GCC_NO_COMMON_BLOCKS = YES;
				GCC_OPTIMIZATION_LEVEL = 0;
				GCC_PREPROCESSOR_DEFINITIONS = (
					"DEBUG=1",
					"$(inherited)",
				);
				GCC_WARN_64_TO_32_BIT_CONVERSION = YES;
				GCC_WARN_ABOUT_RETURN_TYPE = YES_ERROR;
				GCC_WARN_UNDECLARED_SELECTOR = YES;
				GCC_WARN_UNINITIALIZED_AUTOS = YES_AGGRESSIVE;
				GCC_WARN_UNUSED_FUNCTION = YES;
				GCC_WARN_UNUSED_VARIABLE = YES;
				IPHONEOS_DEPLOYMENT_TARGET = 16.4;
				MTL_ENABLE_DEBUG_INFO = INCLUDE_SOURCE;
				MTL_FAST_MATH = YES;
				ONLY_ACTIVE_ARCH = YES;
				SDKROOT = iphoneos;
				SWIFT_ACTIVE_COMPILATION_CONDITIONS = DEBUG;
				SWIFT_OPTIMIZATION_LEVEL = "-Onone";
			};
			name = Debug;
		};
		FBB0BFD92AC365D40010CF37 /* Release */ = {
			isa = XCBuildConfiguration;
			buildSettings = {
				ALWAYS_SEARCH_USER_PATHS = NO;
				CLANG_ANALYZER_NONNULL = YES;
				CLANG_ANALYZER_NUMBER_OBJECT_CONVERSION = YES_AGGRESSIVE;
				CLANG_CXX_LANGUAGE_STANDARD = "gnu++20";
				CLANG_ENABLE_MODULES = YES;
				CLANG_ENABLE_OBJC_ARC = YES;
				CLANG_ENABLE_OBJC_WEAK = YES;
				CLANG_WARN_BLOCK_CAPTURE_AUTORELEASING = YES;
				CLANG_WARN_BOOL_CONVERSION = YES;
				CLANG_WARN_COMMA = YES;
				CLANG_WARN_CONSTANT_CONVERSION = YES;
				CLANG_WARN_DEPRECATED_OBJC_IMPLEMENTATIONS = YES;
				CLANG_WARN_DIRECT_OBJC_ISA_USAGE = YES_ERROR;
				CLANG_WARN_DOCUMENTATION_COMMENTS = YES;
				CLANG_WARN_EMPTY_BODY = YES;
				CLANG_WARN_ENUM_CONVERSION = YES;
				CLANG_WARN_INFINITE_RECURSION = YES;
				CLANG_WARN_INT_CONVERSION = YES;
				CLANG_WARN_NON_LITERAL_NULL_CONVERSION = YES;
				CLANG_WARN_OBJC_IMPLICIT_RETAIN_SELF = YES;
				CLANG_WARN_OBJC_LITERAL_CONVERSION = YES;
				CLANG_WARN_OBJC_ROOT_CLASS = YES_ERROR;
				CLANG_WARN_QUOTED_INCLUDE_IN_FRAMEWORK_HEADER = YES;
				CLANG_WARN_RANGE_LOOP_ANALYSIS = YES;
				CLANG_WARN_STRICT_PROTOTYPES = YES;
				CLANG_WARN_SUSPICIOUS_MOVE = YES;
				CLANG_WARN_UNGUARDED_AVAILABILITY = YES_AGGRESSIVE;
				CLANG_WARN_UNREACHABLE_CODE = YES;
				CLANG_WARN__DUPLICATE_METHOD_MATCH = YES;
				COPY_PHASE_STRIP = NO;
				DEBUG_INFORMATION_FORMAT = "dwarf-with-dsym";
				ENABLE_NS_ASSERTIONS = NO;
				ENABLE_STRICT_OBJC_MSGSEND = YES;
				GCC_C_LANGUAGE_STANDARD = gnu11;
				GCC_NO_COMMON_BLOCKS = YES;
				GCC_WARN_64_TO_32_BIT_CONVERSION = YES;
				GCC_WARN_ABOUT_RETURN_TYPE = YES_ERROR;
				GCC_WARN_UNDECLARED_SELECTOR = YES;
				GCC_WARN_UNINITIALIZED_AUTOS = YES_AGGRESSIVE;
				GCC_WARN_UNUSED_FUNCTION = YES;
				GCC_WARN_UNUSED_VARIABLE = YES;
				IPHONEOS_DEPLOYMENT_TARGET = 16.4;
				MTL_ENABLE_DEBUG_INFO = NO;
				MTL_FAST_MATH = YES;
				SDKROOT = iphoneos;
				SWIFT_COMPILATION_MODE = wholemodule;
				SWIFT_OPTIMIZATION_LEVEL = "-O";
				VALIDATE_PRODUCT = YES;
			};
			name = Release;
		};
		FBB0BFDB2AC365D40010CF37 /* Debug */ = {
			isa = XCBuildConfiguration;
			buildSettings = {
				ASSETCATALOG_COMPILER_APPICON_NAME = AppIcon;
				ASSETCATALOG_COMPILER_GLOBAL_ACCENT_COLOR_NAME = AccentColor;
				CODE_SIGN_STYLE = Automatic;
				CURRENT_PROJECT_VERSION = 1;
				DEVELOPMENT_ASSET_PATHS = "\"RayosXCordinador/Preview Content\"";
				ENABLE_PREVIEWS = YES;
				GENERATE_INFOPLIST_FILE = YES;
				INFOPLIST_KEY_UIApplicationSceneManifest_Generation = YES;
				INFOPLIST_KEY_UIApplicationSupportsIndirectInputEvents = YES;
				INFOPLIST_KEY_UILaunchScreen_Generation = YES;
				INFOPLIST_KEY_UISupportedInterfaceOrientations_iPad = "UIInterfaceOrientationPortrait UIInterfaceOrientationPortraitUpsideDown UIInterfaceOrientationLandscapeLeft UIInterfaceOrientationLandscapeRight";
				INFOPLIST_KEY_UISupportedInterfaceOrientations_iPhone = "UIInterfaceOrientationPortrait UIInterfaceOrientationLandscapeLeft UIInterfaceOrientationLandscapeRight";
				LD_RUNPATH_SEARCH_PATHS = (
					"$(inherited)",
					"@executable_path/Frameworks",
				);
				MARKETING_VERSION = 1.0;
				PRODUCT_BUNDLE_IDENTIFIER = ITESM.RayosXCordinador;
				PRODUCT_NAME = "$(TARGET_NAME)";
				SWIFT_EMIT_LOC_STRINGS = YES;
				SWIFT_VERSION = 5.0;
				TARGETED_DEVICE_FAMILY = "1,2";
			};
			name = Debug;
		};
		FBB0BFDC2AC365D40010CF37 /* Release */ = {
			isa = XCBuildConfiguration;
			buildSettings = {
				ASSETCATALOG_COMPILER_APPICON_NAME = AppIcon;
				ASSETCATALOG_COMPILER_GLOBAL_ACCENT_COLOR_NAME = AccentColor;
				CODE_SIGN_STYLE = Automatic;
				CURRENT_PROJECT_VERSION = 1;
				DEVELOPMENT_ASSET_PATHS = "\"RayosXCordinador/Preview Content\"";
				ENABLE_PREVIEWS = YES;
				GENERATE_INFOPLIST_FILE = YES;
				INFOPLIST_KEY_UIApplicationSceneManifest_Generation = YES;
				INFOPLIST_KEY_UIApplicationSupportsIndirectInputEvents = YES;
				INFOPLIST_KEY_UILaunchScreen_Generation = YES;
				INFOPLIST_KEY_UISupportedInterfaceOrientations_iPad = "UIInterfaceOrientationPortrait UIInterfaceOrientationPortraitUpsideDown UIInterfaceOrientationLandscapeLeft UIInterfaceOrientationLandscapeRight";
				INFOPLIST_KEY_UISupportedInterfaceOrientations_iPhone = "UIInterfaceOrientationPortrait UIInterfaceOrientationLandscapeLeft UIInterfaceOrientationLandscapeRight";
				LD_RUNPATH_SEARCH_PATHS = (
					"$(inherited)",
					"@executable_path/Frameworks",
				);
				MARKETING_VERSION = 1.0;
				PRODUCT_BUNDLE_IDENTIFIER = ITESM.RayosXCordinador;
				PRODUCT_NAME = "$(TARGET_NAME)";
				SWIFT_EMIT_LOC_STRINGS = YES;
				SWIFT_VERSION = 5.0;
				TARGETED_DEVICE_FAMILY = "1,2";
			};
			name = Release;
		};
/* End XCBuildConfiguration section */

/* Begin XCConfigurationList section */
		FBB0BFC72AC365D30010CF37 /* Build configuration list for PBXProject "RayosXCordinador" */ = {
			isa = XCConfigurationList;
			buildConfigurations = (
				FBB0BFD82AC365D40010CF37 /* Debug */,
				FBB0BFD92AC365D40010CF37 /* Release */,
			);
			defaultConfigurationIsVisible = 0;
			defaultConfigurationName = Release;
		};
		FBB0BFDA2AC365D40010CF37 /* Build configuration list for PBXNativeTarget "RayosXCordinador" */ = {
			isa = XCConfigurationList;
			buildConfigurations = (
				FBB0BFDB2AC365D40010CF37 /* Debug */,
				FBB0BFDC2AC365D40010CF37 /* Release */,
			);
			defaultConfigurationIsVisible = 0;
			defaultConfigurationName = Release;
		};
/* End XCConfigurationList section */
	};
	rootObject = FBB0BFC42AC365D30010CF37 /* Project object */;
}
