// !$*UTF8*$!
{
	archiveVersion = 1;
	classes = {
	};
	objectVersion = 56;
	objects = {

/* Begin PBXBuildFile section */
		FB0015312ACDFDBD00875E53 /* sesionView.swift in Sources */ = {isa = PBXBuildFile; fileRef = FB0015302ACDFDBD00875E53 /* sesionView.swift */; };
		FB0015332ACE076900875E53 /* ObtenerUsuario.swift in Sources */ = {isa = PBXBuildFile; fileRef = FB0015322ACE076900875E53 /* ObtenerUsuario.swift */; };
		FB0015352ACE07AF00875E53 /* ObtenerContrasena.swift in Sources */ = {isa = PBXBuildFile; fileRef = FB0015342ACE07AF00875E53 /* ObtenerContrasena.swift */; };
		FB24D1EE2AA8F4D80038D109 /* ListaDeRecibos.swift in Sources */ = {isa = PBXBuildFile; fileRef = FB24D1ED2AA8F4D80038D109 /* ListaDeRecibos.swift */; };
		FB2D282E2AC4EA2E00552366 /* ObtenerComentarios.swift in Sources */ = {isa = PBXBuildFile; fileRef = FB2D282D2AC4EA2E00552366 /* ObtenerComentarios.swift */; };
		FB6670D92AA8F082007C38A9 /* donanteRow.swift in Sources */ = {isa = PBXBuildFile; fileRef = FB6670D82AA8F082007C38A9 /* donanteRow.swift */; };
		FB6670DB2AA8F0D0007C38A9 /* DetallesView.swift in Sources */ = {isa = PBXBuildFile; fileRef = FB6670DA2AA8F0D0007C38A9 /* DetallesView.swift */; };
		FB71D0FF2AA9144A00610ED0 /* BackgroundView.swift in Sources */ = {isa = PBXBuildFile; fileRef = FB71D0FE2AA9144A00610ED0 /* BackgroundView.swift */; };
		FB71D1012AA914E300610ED0 /* Login.swift in Sources */ = {isa = PBXBuildFile; fileRef = FB71D1002AA914E300610ED0 /* Login.swift */; };
		FB7B1A2E2ABE2DEA00DABF63 /* RECOLECTOR.swift in Sources */ = {isa = PBXBuildFile; fileRef = FB7B1A2D2ABE2DEA00DABF63 /* RECOLECTOR.swift */; };
		FB7B1A302ABE2E3C00DABF63 /* RECIBOS.swift in Sources */ = {isa = PBXBuildFile; fileRef = FB7B1A2F2ABE2E3C00DABF63 /* RECIBOS.swift */; };
		FB7B1A322ABE2ED200DABF63 /* DONANTES.swift in Sources */ = {isa = PBXBuildFile; fileRef = FB7B1A312ABE2ED200DABF63 /* DONANTES.swift */; };
		FB7B1A342ABE2F4000DABF63 /* ObtenerEstatus.swift in Sources */ = {isa = PBXBuildFile; fileRef = FB7B1A332ABE2F4000DABF63 /* ObtenerEstatus.swift */; };
		FBAADD2A2AA8EE720064A068 /* CaritasRayosXApp.swift in Sources */ = {isa = PBXBuildFile; fileRef = FBAADD292AA8EE720064A068 /* CaritasRayosXApp.swift */; };
		FBAADD2C2AA8EE720064A068 /* ContentView.swift in Sources */ = {isa = PBXBuildFile; fileRef = FBAADD2B2AA8EE720064A068 /* ContentView.swift */; };
		FBAADD2E2AA8EE730064A068 /* Assets.xcassets in Resources */ = {isa = PBXBuildFile; fileRef = FBAADD2D2AA8EE730064A068 /* Assets.xcassets */; };
		FBAADD312AA8EE730064A068 /* Preview Assets.xcassets in Resources */ = {isa = PBXBuildFile; fileRef = FBAADD302AA8EE730064A068 /* Preview Assets.xcassets */; };
		FBEE20782AA927DE000956FE /* ModelData.swift in Sources */ = {isa = PBXBuildFile; fileRef = FBEE20772AA927DE000956FE /* ModelData.swift */; };
/* End PBXBuildFile section */

/* Begin PBXFileReference section */
		FB0015302ACDFDBD00875E53 /* sesionView.swift */ = {isa = PBXFileReference; lastKnownFileType = sourcecode.swift; path = sesionView.swift; sourceTree = "<group>"; };
		FB0015322ACE076900875E53 /* ObtenerUsuario.swift */ = {isa = PBXFileReference; lastKnownFileType = sourcecode.swift; path = ObtenerUsuario.swift; sourceTree = "<group>"; };
		FB0015342ACE07AF00875E53 /* ObtenerContrasena.swift */ = {isa = PBXFileReference; lastKnownFileType = sourcecode.swift; path = ObtenerContrasena.swift; sourceTree = "<group>"; };
		FB24D1ED2AA8F4D80038D109 /* ListaDeRecibos.swift */ = {isa = PBXFileReference; lastKnownFileType = sourcecode.swift; path = ListaDeRecibos.swift; sourceTree = "<group>"; };
		FB2D282D2AC4EA2E00552366 /* ObtenerComentarios.swift */ = {isa = PBXFileReference; lastKnownFileType = sourcecode.swift; path = ObtenerComentarios.swift; sourceTree = "<group>"; };
		FB6670D82AA8F082007C38A9 /* donanteRow.swift */ = {isa = PBXFileReference; lastKnownFileType = sourcecode.swift; path = donanteRow.swift; sourceTree = "<group>"; };
		FB6670DA2AA8F0D0007C38A9 /* DetallesView.swift */ = {isa = PBXFileReference; lastKnownFileType = sourcecode.swift; path = DetallesView.swift; sourceTree = "<group>"; };
		FB71D0FE2AA9144A00610ED0 /* BackgroundView.swift */ = {isa = PBXFileReference; lastKnownFileType = sourcecode.swift; path = BackgroundView.swift; sourceTree = "<group>"; };
		FB71D1002AA914E300610ED0 /* Login.swift */ = {isa = PBXFileReference; lastKnownFileType = sourcecode.swift; path = Login.swift; sourceTree = "<group>"; };
		FB7B1A2D2ABE2DEA00DABF63 /* RECOLECTOR.swift */ = {isa = PBXFileReference; lastKnownFileType = sourcecode.swift; path = RECOLECTOR.swift; sourceTree = "<group>"; };
		FB7B1A2F2ABE2E3C00DABF63 /* RECIBOS.swift */ = {isa = PBXFileReference; lastKnownFileType = sourcecode.swift; path = RECIBOS.swift; sourceTree = "<group>"; };
		FB7B1A312ABE2ED200DABF63 /* DONANTES.swift */ = {isa = PBXFileReference; lastKnownFileType = sourcecode.swift; path = DONANTES.swift; sourceTree = "<group>"; };
		FB7B1A332ABE2F4000DABF63 /* ObtenerEstatus.swift */ = {isa = PBXFileReference; lastKnownFileType = sourcecode.swift; path = ObtenerEstatus.swift; sourceTree = "<group>"; };
		FBAADD262AA8EE720064A068 /* CaritasRayosX.app */ = {isa = PBXFileReference; explicitFileType = wrapper.application; includeInIndex = 0; path = CaritasRayosX.app; sourceTree = BUILT_PRODUCTS_DIR; };
		FBAADD292AA8EE720064A068 /* CaritasRayosXApp.swift */ = {isa = PBXFileReference; lastKnownFileType = sourcecode.swift; path = CaritasRayosXApp.swift; sourceTree = "<group>"; };
		FBAADD2B2AA8EE720064A068 /* ContentView.swift */ = {isa = PBXFileReference; lastKnownFileType = sourcecode.swift; path = ContentView.swift; sourceTree = "<group>"; };
		FBAADD2D2AA8EE730064A068 /* Assets.xcassets */ = {isa = PBXFileReference; lastKnownFileType = folder.assetcatalog; path = Assets.xcassets; sourceTree = "<group>"; };
		FBAADD302AA8EE730064A068 /* Preview Assets.xcassets */ = {isa = PBXFileReference; lastKnownFileType = folder.assetcatalog; path = "Preview Assets.xcassets"; sourceTree = "<group>"; };
		FBEE20772AA927DE000956FE /* ModelData.swift */ = {isa = PBXFileReference; lastKnownFileType = sourcecode.swift; path = ModelData.swift; sourceTree = "<group>"; };
/* End PBXFileReference section */

/* Begin PBXFrameworksBuildPhase section */
		FBAADD232AA8EE720064A068 /* Frameworks */ = {
			isa = PBXFrameworksBuildPhase;
			buildActionMask = 2147483647;
			files = (
			);
			runOnlyForDeploymentPostprocessing = 0;
		};
/* End PBXFrameworksBuildPhase section */

/* Begin PBXGroup section */
		FBAADD1D2AA8EE720064A068 = {
			isa = PBXGroup;
			children = (
				FBAADD282AA8EE720064A068 /* CaritasRayosX */,
				FBAADD272AA8EE720064A068 /* Products */,
			);
			sourceTree = "<group>";
		};
		FBAADD272AA8EE720064A068 /* Products */ = {
			isa = PBXGroup;
			children = (
				FBAADD262AA8EE720064A068 /* CaritasRayosX.app */,
			);
			name = Products;
			sourceTree = "<group>";
		};
		FBAADD282AA8EE720064A068 /* CaritasRayosX */ = {
			isa = PBXGroup;
			children = (
				FBEE20772AA927DE000956FE /* ModelData.swift */,
				FB0015322ACE076900875E53 /* ObtenerUsuario.swift */,
				FB0015342ACE07AF00875E53 /* ObtenerContrasena.swift */,
				FB7B1A332ABE2F4000DABF63 /* ObtenerEstatus.swift */,
				FB2D282D2AC4EA2E00552366 /* ObtenerComentarios.swift */,
				FB71D1002AA914E300610ED0 /* Login.swift */,
				FBAADD292AA8EE720064A068 /* CaritasRayosXApp.swift */,
				FBAADD2B2AA8EE720064A068 /* ContentView.swift */,
				FB7B1A2F2ABE2E3C00DABF63 /* RECIBOS.swift */,
				FB24D1ED2AA8F4D80038D109 /* ListaDeRecibos.swift */,
				FB0015302ACDFDBD00875E53 /* sesionView.swift */,
				FB7B1A312ABE2ED200DABF63 /* DONANTES.swift */,
				FB6670D82AA8F082007C38A9 /* donanteRow.swift */,
				FB6670DA2AA8F0D0007C38A9 /* DetallesView.swift */,
				FB71D0FE2AA9144A00610ED0 /* BackgroundView.swift */,
				FB7B1A2D2ABE2DEA00DABF63 /* RECOLECTOR.swift */,
				FBAADD2D2AA8EE730064A068 /* Assets.xcassets */,
				FBAADD2F2AA8EE730064A068 /* Preview Content */,
			);
			path = CaritasRayosX;
			sourceTree = "<group>";
		};
		FBAADD2F2AA8EE730064A068 /* Preview Content */ = {
			isa = PBXGroup;
			children = (
				FBAADD302AA8EE730064A068 /* Preview Assets.xcassets */,
			);
			path = "Preview Content";
			sourceTree = "<group>";
		};
/* End PBXGroup section */

/* Begin PBXNativeTarget section */
		FBAADD252AA8EE720064A068 /* CaritasRayosX */ = {
			isa = PBXNativeTarget;
			buildConfigurationList = FBAADD342AA8EE730064A068 /* Build configuration list for PBXNativeTarget "CaritasRayosX" */;
			buildPhases = (
				FBAADD222AA8EE720064A068 /* Sources */,
				FBAADD232AA8EE720064A068 /* Frameworks */,
				FBAADD242AA8EE720064A068 /* Resources */,
			);
			buildRules = (
			);
			dependencies = (
			);
			name = CaritasRayosX;
			productName = CaritasRayosX;
			productReference = FBAADD262AA8EE720064A068 /* CaritasRayosX.app */;
			productType = "com.apple.product-type.application";
		};
/* End PBXNativeTarget section */

/* Begin PBXProject section */
		FBAADD1E2AA8EE720064A068 /* Project object */ = {
			isa = PBXProject;
			attributes = {
				BuildIndependentTargetsInParallel = 1;
				LastSwiftUpdateCheck = 1430;
				LastUpgradeCheck = 1430;
				TargetAttributes = {
					FBAADD252AA8EE720064A068 = {
						CreatedOnToolsVersion = 14.3.1;
					};
				};
			};
			buildConfigurationList = FBAADD212AA8EE720064A068 /* Build configuration list for PBXProject "CaritasRayosX" */;
			compatibilityVersion = "Xcode 14.0";
			developmentRegion = en;
			hasScannedForEncodings = 0;
			knownRegions = (
				en,
				Base,
			);
			mainGroup = FBAADD1D2AA8EE720064A068;
			productRefGroup = FBAADD272AA8EE720064A068 /* Products */;
			projectDirPath = "";
			projectRoot = "";
			targets = (
				FBAADD252AA8EE720064A068 /* CaritasRayosX */,
			);
		};
/* End PBXProject section */

/* Begin PBXResourcesBuildPhase section */
		FBAADD242AA8EE720064A068 /* Resources */ = {
			isa = PBXResourcesBuildPhase;
			buildActionMask = 2147483647;
			files = (
				FBAADD312AA8EE730064A068 /* Preview Assets.xcassets in Resources */,
				FBAADD2E2AA8EE730064A068 /* Assets.xcassets in Resources */,
			);
			runOnlyForDeploymentPostprocessing = 0;
		};
/* End PBXResourcesBuildPhase section */

/* Begin PBXSourcesBuildPhase section */
		FBAADD222AA8EE720064A068 /* Sources */ = {
			isa = PBXSourcesBuildPhase;
			buildActionMask = 2147483647;
			files = (
				FB7B1A2E2ABE2DEA00DABF63 /* RECOLECTOR.swift in Sources */,
				FB2D282E2AC4EA2E00552366 /* ObtenerComentarios.swift in Sources */,
				FB71D0FF2AA9144A00610ED0 /* BackgroundView.swift in Sources */,
				FB0015352ACE07AF00875E53 /* ObtenerContrasena.swift in Sources */,
				FB71D1012AA914E300610ED0 /* Login.swift in Sources */,
				FB7B1A302ABE2E3C00DABF63 /* RECIBOS.swift in Sources */,
				FBAADD2C2AA8EE720064A068 /* ContentView.swift in Sources */,
				FBEE20782AA927DE000956FE /* ModelData.swift in Sources */,
				FB6670D92AA8F082007C38A9 /* donanteRow.swift in Sources */,
				FB7B1A342ABE2F4000DABF63 /* ObtenerEstatus.swift in Sources */,
				FB24D1EE2AA8F4D80038D109 /* ListaDeRecibos.swift in Sources */,
				FB6670DB2AA8F0D0007C38A9 /* DetallesView.swift in Sources */,
				FB7B1A322ABE2ED200DABF63 /* DONANTES.swift in Sources */,
				FBAADD2A2AA8EE720064A068 /* CaritasRayosXApp.swift in Sources */,
				FB0015332ACE076900875E53 /* ObtenerUsuario.swift in Sources */,
				FB0015312ACDFDBD00875E53 /* sesionView.swift in Sources */,
			);
			runOnlyForDeploymentPostprocessing = 0;
		};
/* End PBXSourcesBuildPhase section */

/* Begin XCBuildConfiguration section */
		FBAADD322AA8EE730064A068 /* Debug */ = {
			isa = XCBuildConfiguration;
			buildSettings = {
				ALWAYS_SEARCH_USER_PATHS = NO;
				CLANG_ANALYZER_NONNULL = YES;
				CLANG_ANALYZER_NUMBER_OBJECT_CONVERSION = YES_AGGRESSIVE;
				CLANG_CXX_LANGUAGE_STANDARD = "gnu++20";
				CLANG_ENABLE_MODULES = YES;
				CLANG_ENABLE_OBJC_ARC = YES;
				CLANG_ENABLE_OBJC_WEAK = YES;
				CLANG_WARN_BLOCK_CAPTURE_AUTORELEASING = YES;
				CLANG_WARN_BOOL_CONVERSION = YES;
				CLANG_WARN_COMMA = YES;
				CLANG_WARN_CONSTANT_CONVERSION = YES;
				CLANG_WARN_DEPRECATED_OBJC_IMPLEMENTATIONS = YES;
				CLANG_WARN_DIRECT_OBJC_ISA_USAGE = YES_ERROR;
				CLANG_WARN_DOCUMENTATION_COMMENTS = YES;
				CLANG_WARN_EMPTY_BODY = YES;
				CLANG_WARN_ENUM_CONVERSION = YES;
				CLANG_WARN_INFINITE_RECURSION = YES;
				CLANG_WARN_INT_CONVERSION = YES;
				CLANG_WARN_NON_LITERAL_NULL_CONVERSION = YES;
				CLANG_WARN_OBJC_IMPLICIT_RETAIN_SELF = YES;
				CLANG_WARN_OBJC_LITERAL_CONVERSION = YES;
				CLANG_WARN_OBJC_ROOT_CLASS = YES_ERROR;
				CLANG_WARN_QUOTED_INCLUDE_IN_FRAMEWORK_HEADER = YES;
				CLANG_WARN_RANGE_LOOP_ANALYSIS = YES;
				CLANG_WARN_STRICT_PROTOTYPES = YES;
				CLANG_WARN_SUSPICIOUS_MOVE = YES;
				CLANG_WARN_UNGUARDED_AVAILABILITY = YES_AGGRESSIVE;
				CLANG_WARN_UNREACHABLE_CODE = YES;
				CLANG_WARN__DUPLICATE_METHOD_MATCH = YES;
				COPY_PHASE_STRIP = NO;
				DEBUG_INFORMATION_FORMAT = dwarf;
				ENABLE_STRICT_OBJC_MSGSEND = YES;
				ENABLE_TESTABILITY = YES;
				GCC_C_LANGUAGE_STANDARD = gnu11;
				GCC_DYNAMIC_NO_PIC = NO;
				GCC_NO_COMMON_BLOCKS = YES;
				GCC_OPTIMIZATION_LEVEL = 0;
				GCC_PREPROCESSOR_DEFINITIONS = (
					"DEBUG=1",
					"$(inherited)",
				);
				GCC_WARN_64_TO_32_BIT_CONVERSION = YES;
				GCC_WARN_ABOUT_RETURN_TYPE = YES_ERROR;
				GCC_WARN_UNDECLARED_SELECTOR = YES;
				GCC_WARN_UNINITIALIZED_AUTOS = YES_AGGRESSIVE;
				GCC_WARN_UNUSED_FUNCTION = YES;
				GCC_WARN_UNUSED_VARIABLE = YES;
				IPHONEOS_DEPLOYMENT_TARGET = 16.4;
				MTL_ENABLE_DEBUG_INFO = INCLUDE_SOURCE;
				MTL_FAST_MATH = YES;
				ONLY_ACTIVE_ARCH = YES;
				SDKROOT = iphoneos;
				SWIFT_ACTIVE_COMPILATION_CONDITIONS = DEBUG;
				SWIFT_OPTIMIZATION_LEVEL = "-Onone";
			};
			name = Debug;
		};
		FBAADD332AA8EE730064A068 /* Release */ = {
			isa = XCBuildConfiguration;
			buildSettings = {
				ALWAYS_SEARCH_USER_PATHS = NO;
				CLANG_ANALYZER_NONNULL = YES;
				CLANG_ANALYZER_NUMBER_OBJECT_CONVERSION = YES_AGGRESSIVE;
				CLANG_CXX_LANGUAGE_STANDARD = "gnu++20";
				CLANG_ENABLE_MODULES = YES;
				CLANG_ENABLE_OBJC_ARC = YES;
				CLANG_ENABLE_OBJC_WEAK = YES;
				CLANG_WARN_BLOCK_CAPTURE_AUTORELEASING = YES;
				CLANG_WARN_BOOL_CONVERSION = YES;
				CLANG_WARN_COMMA = YES;
				CLANG_WARN_CONSTANT_CONVERSION = YES;
				CLANG_WARN_DEPRECATED_OBJC_IMPLEMENTATIONS = YES;
				CLANG_WARN_DIRECT_OBJC_ISA_USAGE = YES_ERROR;
				CLANG_WARN_DOCUMENTATION_COMMENTS = YES;
				CLANG_WARN_EMPTY_BODY = YES;
				CLANG_WARN_ENUM_CONVERSION = YES;
				CLANG_WARN_INFINITE_RECURSION = YES;
				CLANG_WARN_INT_CONVERSION = YES;
				CLANG_WARN_NON_LITERAL_NULL_CONVERSION = YES;
				CLANG_WARN_OBJC_IMPLICIT_RETAIN_SELF = YES;
				CLANG_WARN_OBJC_LITERAL_CONVERSION = YES;
				CLANG_WARN_OBJC_ROOT_CLASS = YES_ERROR;
				CLANG_WARN_QUOTED_INCLUDE_IN_FRAMEWORK_HEADER = YES;
				CLANG_WARN_RANGE_LOOP_ANALYSIS = YES;
				CLANG_WARN_STRICT_PROTOTYPES = YES;
				CLANG_WARN_SUSPICIOUS_MOVE = YES;
				CLANG_WARN_UNGUARDED_AVAILABILITY = YES_AGGRESSIVE;
				CLANG_WARN_UNREACHABLE_CODE = YES;
				CLANG_WARN__DUPLICATE_METHOD_MATCH = YES;
				COPY_PHASE_STRIP = NO;
				DEBUG_INFORMATION_FORMAT = "dwarf-with-dsym";
				ENABLE_NS_ASSERTIONS = NO;
				ENABLE_STRICT_OBJC_MSGSEND = YES;
				GCC_C_LANGUAGE_STANDARD = gnu11;
				GCC_NO_COMMON_BLOCKS = YES;
				GCC_WARN_64_TO_32_BIT_CONVERSION = YES;
				GCC_WARN_ABOUT_RETURN_TYPE = YES_ERROR;
				GCC_WARN_UNDECLARED_SELECTOR = YES;
				GCC_WARN_UNINITIALIZED_AUTOS = YES_AGGRESSIVE;
				GCC_WARN_UNUSED_FUNCTION = YES;
				GCC_WARN_UNUSED_VARIABLE = YES;
				IPHONEOS_DEPLOYMENT_TARGET = 16.4;
				MTL_ENABLE_DEBUG_INFO = NO;
				MTL_FAST_MATH = YES;
				SDKROOT = iphoneos;
				SWIFT_COMPILATION_MODE = wholemodule;
				SWIFT_OPTIMIZATION_LEVEL = "-O";
				VALIDATE_PRODUCT = YES;
			};
			name = Release;
		};
		FBAADD352AA8EE730064A068 /* Debug */ = {
			isa = XCBuildConfiguration;
			buildSettings = {
				ASSETCATALOG_COMPILER_APPICON_NAME = AppIcon;
				ASSETCATALOG_COMPILER_GLOBAL_ACCENT_COLOR_NAME = AccentColor;
				CODE_SIGN_STYLE = Automatic;
				CURRENT_PROJECT_VERSION = 1;
				DEVELOPMENT_ASSET_PATHS = "\"CaritasRayosX/Preview Content\"";
				DEVELOPMENT_TEAM = Q4L5GLAD5L;
				ENABLE_PREVIEWS = YES;
				GENERATE_INFOPLIST_FILE = YES;
				INFOPLIST_KEY_UIApplicationSceneManifest_Generation = YES;
				INFOPLIST_KEY_UIApplicationSupportsIndirectInputEvents = YES;
				INFOPLIST_KEY_UILaunchScreen_Generation = YES;
				INFOPLIST_KEY_UISupportedInterfaceOrientations_iPad = "UIInterfaceOrientationPortrait UIInterfaceOrientationPortraitUpsideDown UIInterfaceOrientationLandscapeLeft UIInterfaceOrientationLandscapeRight";
				INFOPLIST_KEY_UISupportedInterfaceOrientations_iPhone = "UIInterfaceOrientationPortrait UIInterfaceOrientationLandscapeLeft UIInterfaceOrientationLandscapeRight";
				LD_RUNPATH_SEARCH_PATHS = (
					"$(inherited)",
					"@executable_path/Frameworks",
				);
				MARKETING_VERSION = 1.0;
				PRODUCT_BUNDLE_IDENTIFIER = tec.mx.CaritasRayosX;
				PRODUCT_NAME = "$(TARGET_NAME)";
				SWIFT_EMIT_LOC_STRINGS = YES;
				SWIFT_VERSION = 5.0;
				TARGETED_DEVICE_FAMILY = "1,2";
			};
			name = Debug;
		};
		FBAADD362AA8EE730064A068 /* Release */ = {
			isa = XCBuildConfiguration;
			buildSettings = {
				ASSETCATALOG_COMPILER_APPICON_NAME = AppIcon;
				ASSETCATALOG_COMPILER_GLOBAL_ACCENT_COLOR_NAME = AccentColor;
				CODE_SIGN_STYLE = Automatic;
				CURRENT_PROJECT_VERSION = 1;
				DEVELOPMENT_ASSET_PATHS = "\"CaritasRayosX/Preview Content\"";
				DEVELOPMENT_TEAM = Q4L5GLAD5L;
				ENABLE_PREVIEWS = YES;
				GENERATE_INFOPLIST_FILE = YES;
				INFOPLIST_KEY_UIApplicationSceneManifest_Generation = YES;
				INFOPLIST_KEY_UIApplicationSupportsIndirectInputEvents = YES;
				INFOPLIST_KEY_UILaunchScreen_Generation = YES;
				INFOPLIST_KEY_UISupportedInterfaceOrientations_iPad = "UIInterfaceOrientationPortrait UIInterfaceOrientationPortraitUpsideDown UIInterfaceOrientationLandscapeLeft UIInterfaceOrientationLandscapeRight";
				INFOPLIST_KEY_UISupportedInterfaceOrientations_iPhone = "UIInterfaceOrientationPortrait UIInterfaceOrientationLandscapeLeft UIInterfaceOrientationLandscapeRight";
				LD_RUNPATH_SEARCH_PATHS = (
					"$(inherited)",
					"@executable_path/Frameworks",
				);
				MARKETING_VERSION = 1.0;
				PRODUCT_BUNDLE_IDENTIFIER = tec.mx.CaritasRayosX;
				PRODUCT_NAME = "$(TARGET_NAME)";
				SWIFT_EMIT_LOC_STRINGS = YES;
				SWIFT_VERSION = 5.0;
				TARGETED_DEVICE_FAMILY = "1,2";
			};
			name = Release;
		};
/* End XCBuildConfiguration section */

/* Begin XCConfigurationList section */
		FBAADD212AA8EE720064A068 /* Build configuration list for PBXProject "CaritasRayosX" */ = {
			isa = XCConfigurationList;
			buildConfigurations = (
				FBAADD322AA8EE730064A068 /* Debug */,
				FBAADD332AA8EE730064A068 /* Release */,
			);
			defaultConfigurationIsVisible = 0;
			defaultConfigurationName = Release;
		};
		FBAADD342AA8EE730064A068 /* Build configuration list for PBXNativeTarget "CaritasRayosX" */ = {
			isa = XCConfigurationList;
			buildConfigurations = (
				FBAADD352AA8EE730064A068 /* Debug */,
				FBAADD362AA8EE730064A068 /* Release */,
			);
			defaultConfigurationIsVisible = 0;
			defaultConfigurationName = Release;
		};
/* End XCConfigurationList section */
	};
	rootObject = FBAADD1E2AA8EE720064A068 /* Project object */;
}
